
Microsoft Visual Studio Solution File, Format Version 12.00
# Visual Studio Version 16
VisualStudioVersion = 16.0.32106.194
MinimumVisualStudioVersion = 10.0.40219.1
Project("{FAE04EC0-301F-11D3-BF4B-00C04F79EFBC}") = "MainProjectWeb", "MainProjectWeb\MainProjectWeb.csproj", "{166D4187-9B60-44B9-9CC9-B476AF5C5700}"
EndProject
Global
	GlobalSection(SolutionConfigurationPlatforms) = preSolution
		Debug|Any CPU = Debug|Any CPU
		Release|Any CPU = Release|Any CPU
	EndGlobalSection
	GlobalSection(ProjectConfigurationPlatforms) = postSolution
		{166D4187-9B60-44B9-9CC9-B476AF5C5700}.Debug|Any CPU.ActiveCfg = Debug|Any CPU
		{166D4187-9B60-44B9-9CC9-B476AF5C5700}.Debug|Any CPU.Build.0 = Debug|Any CPU
		{166D4187-9B60-44B9-9CC9-B476AF5C5700}.Release|Any CPU.ActiveCfg = Release|Any CPU
		{166D4187-9B60-44B9-9CC9-B476AF5C5700}.Release|Any CPU.Build.0 = Release|Any CPU
	EndGlobalSection
	GlobalSection(SolutionProperties) = preSolution
		HideSolutionNode = FALSE
	EndGlobalSection
	GlobalSection(ExtensibilityGlobals) = postSolution
		SolutionGuid = {9C83D43A-E791-485C-94DF-1E98B1D5DAEC}
	EndGlobalSection
EndGlobal
